
Microsoft Visual Studio Solution File, Format Version 12.00
# Visual Studio Version 17
VisualStudioVersion = 17.10.35027.167
MinimumVisualStudioVersion = 10.0.40219.1
Project("{FAE04EC0-301F-11D3-BF4B-00C04F79EFBC}") = "PatikadevLibrary", "PatikadevLibrary\PatikadevLibrary.csproj", "{2E96BCF3-B020-4C0C-B1FF-A9C27C0DF7BF}"
EndProject
Global
	GlobalSection(SolutionConfigurationPlatforms) = preSolution
		Debug|Any CPU = Debug|Any CPU
		Release|Any CPU = Release|Any CPU
	EndGlobalSection
	GlobalSection(ProjectConfigurationPlatforms) = postSolution
		{2E96BCF3-B020-4C0C-B1FF-A9C27C0DF7BF}.Debug|Any CPU.ActiveCfg = Debug|Any CPU
		{2E96BCF3-B020-4C0C-B1FF-A9C27C0DF7BF}.Debug|Any CPU.Build.0 = Debug|Any CPU
		{2E96BCF3-B020-4C0C-B1FF-A9C27C0DF7BF}.Release|Any CPU.ActiveCfg = Release|Any CPU
		{2E96BCF3-B020-4C0C-B1FF-A9C27C0DF7BF}.Release|Any CPU.Build.0 = Release|Any CPU
	EndGlobalSection
	GlobalSection(SolutionProperties) = preSolution
		HideSolutionNode = FALSE
	EndGlobalSection
	GlobalSection(ExtensibilityGlobals) = postSolution
		SolutionGuid = {EDC50C9C-9BBE-4409-BBA5-18129E9446CF}
	EndGlobalSection
EndGlobal
